// !$*UTF8*$!
{
	archiveVersion = 1;
	classes = {
	};
	objectVersion = 51;
	objects = {

/* Begin PBXBuildFile section */
		200FD9EC246FEBF5006493C9 /* NewsCell.swift in Sources */ = {isa = PBXBuildFile; fileRef = 200FD9EA246FEBF5006493C9 /* NewsCell.swift */; };
		200FD9ED246FEBF5006493C9 /* NewsCell.xib in Resources */ = {isa = PBXBuildFile; fileRef = 200FD9EB246FEBF5006493C9 /* NewsCell.xib */; };
		203210A9246BE591006C5F8D /* AppDelegate.swift in Sources */ = {isa = PBXBuildFile; fileRef = 203210A8246BE591006C5F8D /* AppDelegate.swift */; };
		203210AB246BE591006C5F8D /* SceneDelegate.swift in Sources */ = {isa = PBXBuildFile; fileRef = 203210AA246BE591006C5F8D /* SceneDelegate.swift */; };
		203210AD246BE591006C5F8D /* ViewController.swift in Sources */ = {isa = PBXBuildFile; fileRef = 203210AC246BE591006C5F8D /* ViewController.swift */; };
		203210B0246BE591006C5F8D /* Main.storyboard in Resources */ = {isa = PBXBuildFile; fileRef = 203210AE246BE591006C5F8D /* Main.storyboard */; };
		203210B2246BE592006C5F8D /* Assets.xcassets in Resources */ = {isa = PBXBuildFile; fileRef = 203210B1246BE592006C5F8D /* Assets.xcassets */; };
		203210B5246BE592006C5F8D /* LaunchScreen.storyboard in Resources */ = {isa = PBXBuildFile; fileRef = 203210B3246BE592006C5F8D /* LaunchScreen.storyboard */; };
		207440452470473F00BA54C6 /* CategoryVC.swift in Sources */ = {isa = PBXBuildFile; fileRef = 207440442470473F00BA54C6 /* CategoryVC.swift */; };
		207440472470474E00BA54C6 /* CountryVC.swift in Sources */ = {isa = PBXBuildFile; fileRef = 207440462470474E00BA54C6 /* CountryVC.swift */; };
		2074404924704B8300BA54C6 /* NewsCategory.swift in Sources */ = {isa = PBXBuildFile; fileRef = 2074404824704B8300BA54C6 /* NewsCategory.swift */; };
		E49753C4510ACDCFC10B35B8 /* Pods_News_App.framework in Frameworks */ = {isa = PBXBuildFile; fileRef = 32DBF16E0AEB1716DC5FC905 /* Pods_News_App.framework */; };
/* End PBXBuildFile section */

/* Begin PBXFileReference section */
		200FD9EA246FEBF5006493C9 /* NewsCell.swift */ = {isa = PBXFileReference; lastKnownFileType = sourcecode.swift; path = NewsCell.swift; sourceTree = "<group>"; };
		200FD9EB246FEBF5006493C9 /* NewsCell.xib */ = {isa = PBXFileReference; lastKnownFileType = file.xib; path = NewsCell.xib; sourceTree = "<group>"; };
		203210A5246BE591006C5F8D /* News App.app */ = {isa = PBXFileReference; explicitFileType = wrapper.application; includeInIndex = 0; path = "News App.app"; sourceTree = BUILT_PRODUCTS_DIR; };
		203210A8246BE591006C5F8D /* AppDelegate.swift */ = {isa = PBXFileReference; lastKnownFileType = sourcecode.swift; path = AppDelegate.swift; sourceTree = "<group>"; };
		203210AA246BE591006C5F8D /* SceneDelegate.swift */ = {isa = PBXFileReference; lastKnownFileType = sourcecode.swift; path = SceneDelegate.swift; sourceTree = "<group>"; };
		203210AC246BE591006C5F8D /* ViewController.swift */ = {isa = PBXFileReference; lastKnownFileType = sourcecode.swift; path = ViewController.swift; sourceTree = "<group>"; };
		203210AF246BE591006C5F8D /* Base */ = {isa = PBXFileReference; lastKnownFileType = file.storyboard; name = Base; path = Base.lproj/Main.storyboard; sourceTree = "<group>"; };
		203210B1246BE592006C5F8D /* Assets.xcassets */ = {isa = PBXFileReference; lastKnownFileType = folder.assetcatalog; path = Assets.xcassets; sourceTree = "<group>"; };
		203210B4246BE592006C5F8D /* Base */ = {isa = PBXFileReference; lastKnownFileType = file.storyboard; name = Base; path = Base.lproj/LaunchScreen.storyboard; sourceTree = "<group>"; };
		203210B6246BE592006C5F8D /* Info.plist */ = {isa = PBXFileReference; lastKnownFileType = text.plist.xml; path = Info.plist; sourceTree = "<group>"; };
		207440442470473F00BA54C6 /* CategoryVC.swift */ = {isa = PBXFileReference; lastKnownFileType = sourcecode.swift; path = CategoryVC.swift; sourceTree = "<group>"; };
		207440462470474E00BA54C6 /* CountryVC.swift */ = {isa = PBXFileReference; lastKnownFileType = sourcecode.swift; path = CountryVC.swift; sourceTree = "<group>"; };
		2074404824704B8300BA54C6 /* NewsCategory.swift */ = {isa = PBXFileReference; lastKnownFileType = sourcecode.swift; path = NewsCategory.swift; sourceTree = "<group>"; };
		32DBF16E0AEB1716DC5FC905 /* Pods_News_App.framework */ = {isa = PBXFileReference; explicitFileType = wrapper.framework; includeInIndex = 0; path = Pods_News_App.framework; sourceTree = BUILT_PRODUCTS_DIR; };
		A28B452BC2291D5054B9DDC4 /* Pods-News App.debug.xcconfig */ = {isa = PBXFileReference; includeInIndex = 1; lastKnownFileType = text.xcconfig; name = "Pods-News App.debug.xcconfig"; path = "Target Support Files/Pods-News App/Pods-News App.debug.xcconfig"; sourceTree = "<group>"; };
		C34BCAD2084BFD09DDD3E4E0 /* Pods-News App.release.xcconfig */ = {isa = PBXFileReference; includeInIndex = 1; lastKnownFileType = text.xcconfig; name = "Pods-News App.release.xcconfig"; path = "Target Support Files/Pods-News App/Pods-News App.release.xcconfig"; sourceTree = "<group>"; };
/* End PBXFileReference section */

/* Begin PBXFrameworksBuildPhase section */
		203210A2246BE591006C5F8D /* Frameworks */ = {
			isa = PBXFrameworksBuildPhase;
			buildActionMask = 2147483647;
			files = (
				E49753C4510ACDCFC10B35B8 /* Pods_News_App.framework in Frameworks */,
			);
			runOnlyForDeploymentPostprocessing = 0;
		};
/* End PBXFrameworksBuildPhase section */

/* Begin PBXGroup section */
		2032109C246BE591006C5F8D = {
			isa = PBXGroup;
			children = (
				203210A7246BE591006C5F8D /* News App */,
				203210A6246BE591006C5F8D /* Products */,
				630BB3083D51546521D1E5B2 /* Pods */,
				BC14078FB8B690EAAE53CA45 /* Frameworks */,
			);
			sourceTree = "<group>";
		};
		203210A6246BE591006C5F8D /* Products */ = {
			isa = PBXGroup;
			children = (
				203210A5246BE591006C5F8D /* News App.app */,
			);
			name = Products;
			sourceTree = "<group>";
		};
		203210A7246BE591006C5F8D /* News App */ = {
			isa = PBXGroup;
			children = (
				207F81E8246DB1CE00AA471A /* View */,
				207F81E7246DB1CC00AA471A /* Controller */,
				203210A8246BE591006C5F8D /* AppDelegate.swift */,
				203210AA246BE591006C5F8D /* SceneDelegate.swift */,
				203210AE246BE591006C5F8D /* Main.storyboard */,
				203210B1246BE592006C5F8D /* Assets.xcassets */,
				203210B3246BE592006C5F8D /* LaunchScreen.storyboard */,
				203210B6246BE592006C5F8D /* Info.plist */,
			);
			path = "News App";
			sourceTree = "<group>";
		};
		207F81E7246DB1CC00AA471A /* Controller */ = {
			isa = PBXGroup;
			children = (
				203210AC246BE591006C5F8D /* ViewController.swift */,
				207440442470473F00BA54C6 /* CategoryVC.swift */,
				2074404824704B8300BA54C6 /* NewsCategory.swift */,
				207440462470474E00BA54C6 /* CountryVC.swift */,
			);
			path = Controller;
			sourceTree = "<group>";
		};
		207F81E8246DB1CE00AA471A /* View */ = {
			isa = PBXGroup;
			children = (
				200FD9EA246FEBF5006493C9 /* NewsCell.swift */,
				200FD9EB246FEBF5006493C9 /* NewsCell.xib */,
			);
			path = View;
			sourceTree = "<group>";
		};
		630BB3083D51546521D1E5B2 /* Pods */ = {
			isa = PBXGroup;
			children = (
				A28B452BC2291D5054B9DDC4 /* Pods-News App.debug.xcconfig */,
				C34BCAD2084BFD09DDD3E4E0 /* Pods-News App.release.xcconfig */,
			);
			path = Pods;
			sourceTree = "<group>";
		};
		BC14078FB8B690EAAE53CA45 /* Frameworks */ = {
			isa = PBXGroup;
			children = (
				32DBF16E0AEB1716DC5FC905 /* Pods_News_App.framework */,
			);
			name = Frameworks;
			sourceTree = "<group>";
		};
/* End PBXGroup section */

/* Begin PBXNativeTarget section */
		203210A4246BE591006C5F8D /* News App */ = {
			isa = PBXNativeTarget;
			buildConfigurationList = 203210B9246BE592006C5F8D /* Build configuration list for PBXNativeTarget "News App" */;
			buildPhases = (
				627592377053D63BF7CEB3A1 /* [CP] Check Pods Manifest.lock */,
				203210A1246BE591006C5F8D /* Sources */,
				203210A2246BE591006C5F8D /* Frameworks */,
				203210A3246BE591006C5F8D /* Resources */,
				F7E353F5BD8A6C2848BDECB0 /* [CP] Embed Pods Frameworks */,
			);
			buildRules = (
			);
			dependencies = (
			);
			name = "News App";
			productName = "News App";
			productReference = 203210A5246BE591006C5F8D /* News App.app */;
			productType = "com.apple.product-type.application";
		};
/* End PBXNativeTarget section */

/* Begin PBXProject section */
		2032109D246BE591006C5F8D /* Project object */ = {
			isa = PBXProject;
			attributes = {
				LastSwiftUpdateCheck = 1140;
				LastUpgradeCheck = 1140;
				ORGANIZATIONNAME = "Himanshu Joshi";
				TargetAttributes = {
					203210A4246BE591006C5F8D = {
						CreatedOnToolsVersion = 11.4.1;
					};
				};
			};
			buildConfigurationList = 203210A0246BE591006C5F8D /* Build configuration list for PBXProject "News App" */;
			compatibilityVersion = "Xcode 9.3";
			developmentRegion = en;
			hasScannedForEncodings = 0;
			knownRegions = (
				en,
				Base,
			);
			mainGroup = 2032109C246BE591006C5F8D;
			productRefGroup = 203210A6246BE591006C5F8D /* Products */;
			projectDirPath = "";
			projectRoot = "";
			targets = (
				203210A4246BE591006C5F8D /* News App */,
			);
		};
/* End PBXProject section */

/* Begin PBXResourcesBuildPhase section */
		203210A3246BE591006C5F8D /* Resources */ = {
			isa = PBXResourcesBuildPhase;
			buildActionMask = 2147483647;
			files = (
				203210B5246BE592006C5F8D /* LaunchScreen.storyboard in Resources */,
				203210B2246BE592006C5F8D /* Assets.xcassets in Resources */,
				200FD9ED246FEBF5006493C9 /* NewsCell.xib in Resources */,
				203210B0246BE591006C5F8D /* Main.storyboard in Resources */,
			);
			runOnlyForDeploymentPostprocessing = 0;
		};
/* End PBXResourcesBuildPhase section */

/* Begin PBXShellScriptBuildPhase section */
		627592377053D63BF7CEB3A1 /* [CP] Check Pods Manifest.lock */ = {
			isa = PBXShellScriptBuildPhase;
			buildActionMask = 2147483647;
			files = (
			);
			inputFileListPaths = (
			);
			inputPaths = (
				"${PODS_PODFILE_DIR_PATH}/Podfile.lock",
				"${PODS_ROOT}/Manifest.lock",
			);
			name = "[CP] Check Pods Manifest.lock";
			outputFileListPaths = (
			);
			outputPaths = (
				"$(DERIVED_FILE_DIR)/Pods-News App-checkManifestLockResult.txt",
			);
			runOnlyForDeploymentPostprocessing = 0;
			shellPath = /bin/sh;
			shellScript = "diff \"${PODS_PODFILE_DIR_PATH}/Podfile.lock\" \"${PODS_ROOT}/Manifest.lock\" > /dev/null\nif [ $? != 0 ] ; then\n    # print error to STDERR\n    echo \"error: The sandbox is not in sync with the Podfile.lock. Run 'pod install' or update your CocoaPods installation.\" >&2\n    exit 1\nfi\n# This output is used by Xcode 'outputs' to avoid re-running this script phase.\necho \"SUCCESS\" > \"${SCRIPT_OUTPUT_FILE_0}\"\n";
			showEnvVarsInLog = 0;
		};
		F7E353F5BD8A6C2848BDECB0 /* [CP] Embed Pods Frameworks */ = {
			isa = PBXShellScriptBuildPhase;
			buildActionMask = 2147483647;
			files = (
			);
			inputFileListPaths = (
				"${PODS_ROOT}/Target Support Files/Pods-News App/Pods-News App-frameworks-${CONFIGURATION}-input-files.xcfilelist",
			);
			name = "[CP] Embed Pods Frameworks";
			outputFileListPaths = (
				"${PODS_ROOT}/Target Support Files/Pods-News App/Pods-News App-frameworks-${CONFIGURATION}-output-files.xcfilelist",
			);
			runOnlyForDeploymentPostprocessing = 0;
			shellPath = /bin/sh;
			shellScript = "\"${PODS_ROOT}/Target Support Files/Pods-News App/Pods-News App-frameworks.sh\"\n";
			showEnvVarsInLog = 0;
		};
/* End PBXShellScriptBuildPhase section */

/* Begin PBXSourcesBuildPhase section */
		203210A1246BE591006C5F8D /* Sources */ = {
			isa = PBXSourcesBuildPhase;
			buildActionMask = 2147483647;
			files = (
				2074404924704B8300BA54C6 /* NewsCategory.swift in Sources */,
				207440452470473F00BA54C6 /* CategoryVC.swift in Sources */,
				203210AD246BE591006C5F8D /* ViewController.swift in Sources */,
				203210A9246BE591006C5F8D /* AppDelegate.swift in Sources */,
				203210AB246BE591006C5F8D /* SceneDelegate.swift in Sources */,
				207440472470474E00BA54C6 /* CountryVC.swift in Sources */,
				200FD9EC246FEBF5006493C9 /* NewsCell.swift in Sources */,
			);
			runOnlyForDeploymentPostprocessing = 0;
		};
/* End PBXSourcesBuildPhase section */

/* Begin PBXVariantGroup section */
		203210AE246BE591006C5F8D /* Main.storyboard */ = {
			isa = PBXVariantGroup;
			children = (
				203210AF246BE591006C5F8D /* Base */,
			);
			name = Main.storyboard;
			sourceTree = "<group>";
		};
		203210B3246BE592006C5F8D /* LaunchScreen.storyboard */ = {
			isa = PBXVariantGroup;
			children = (
				203210B4246BE592006C5F8D /* Base */,
			);
			name = LaunchScreen.storyboard;
			sourceTree = "<group>";
		};
/* End PBXVariantGroup section */

/* Begin XCBuildConfiguration section */
		203210B7246BE592006C5F8D /* Debug */ = {
			isa = XCBuildConfiguration;
			buildSettings = {
				ALWAYS_SEARCH_USER_PATHS = NO;
				CLANG_ANALYZER_NONNULL = YES;
				CLANG_ANALYZER_NUMBER_OBJECT_CONVERSION = YES_AGGRESSIVE;
				CLANG_CXX_LANGUAGE_STANDARD = "gnu++14";
				CLANG_CXX_LIBRARY = "libc++";
				CLANG_ENABLE_MODULES = YES;
				CLANG_ENABLE_OBJC_ARC = YES;
				CLANG_ENABLE_OBJC_WEAK = YES;
				CLANG_WARN_BLOCK_CAPTURE_AUTORELEASING = YES;
				CLANG_WARN_BOOL_CONVERSION = YES;
				CLANG_WARN_COMMA = YES;
				CLANG_WARN_CONSTANT_CONVERSION = YES;
				CLANG_WARN_DEPRECATED_OBJC_IMPLEMENTATIONS = YES;
				CLANG_WARN_DIRECT_OBJC_ISA_USAGE = YES_ERROR;
				CLANG_WARN_DOCUMENTATION_COMMENTS = YES;
				CLANG_WARN_EMPTY_BODY = YES;
				CLANG_WARN_ENUM_CONVERSION = YES;
				CLANG_WARN_INFINITE_RECURSION = YES;
				CLANG_WARN_INT_CONVERSION = YES;
				CLANG_WARN_NON_LITERAL_NULL_CONVERSION = YES;
				CLANG_WARN_OBJC_IMPLICIT_RETAIN_SELF = YES;
				CLANG_WARN_OBJC_LITERAL_CONVERSION = YES;
				CLANG_WARN_OBJC_ROOT_CLASS = YES_ERROR;
				CLANG_WARN_RANGE_LOOP_ANALYSIS = YES;
				CLANG_WARN_STRICT_PROTOTYPES = YES;
				CLANG_WARN_SUSPICIOUS_MOVE = YES;
				CLANG_WARN_UNGUARDED_AVAILABILITY = YES_AGGRESSIVE;
				CLANG_WARN_UNREACHABLE_CODE = YES;
				CLANG_WARN__DUPLICATE_METHOD_MATCH = YES;
				COPY_PHASE_STRIP = NO;
				DEBUG_INFORMATION_FORMAT = dwarf;
				ENABLE_STRICT_OBJC_MSGSEND = YES;
				ENABLE_TESTABILITY = YES;
				GCC_C_LANGUAGE_STANDARD = gnu11;
				GCC_DYNAMIC_NO_PIC = NO;
				GCC_NO_COMMON_BLOCKS = YES;
				GCC_OPTIMIZATION_LEVEL = 0;
				GCC_PREPROCESSOR_DEFINITIONS = (
					"DEBUG=1",
					"$(inherited)",
				);
				GCC_WARN_64_TO_32_BIT_CONVERSION = YES;
				GCC_WARN_ABOUT_RETURN_TYPE = YES_ERROR;
				GCC_WARN_UNDECLARED_SELECTOR = YES;
				GCC_WARN_UNINITIALIZED_AUTOS = YES_AGGRESSIVE;
				GCC_WARN_UNUSED_FUNCTION = YES;
				GCC_WARN_UNUSED_VARIABLE = YES;
				IPHONEOS_DEPLOYMENT_TARGET = 13.4;
				MTL_ENABLE_DEBUG_INFO = INCLUDE_SOURCE;
				MTL_FAST_MATH = YES;
				ONLY_ACTIVE_ARCH = YES;
				SDKROOT = iphoneos;
				SWIFT_ACTIVE_COMPILATION_CONDITIONS = DEBUG;
				SWIFT_OPTIMIZATION_LEVEL = "-Onone";
			};
			name = Debug;
		};
		203210B8246BE592006C5F8D /* Release */ = {
			isa = XCBuildConfiguration;
			buildSettings = {
				ALWAYS_SEARCH_USER_PATHS = NO;
				CLANG_ANALYZER_NONNULL = YES;
				CLANG_ANALYZER_NUMBER_OBJECT_CONVERSION = YES_AGGRESSIVE;
				CLANG_CXX_LANGUAGE_STANDARD = "gnu++14";
				CLANG_CXX_LIBRARY = "libc++";
				CLANG_ENABLE_MODULES = YES;
				CLANG_ENABLE_OBJC_ARC = YES;
				CLANG_ENABLE_OBJC_WEAK = YES;
				CLANG_WARN_BLOCK_CAPTURE_AUTORELEASING = YES;
				CLANG_WARN_BOOL_CONVERSION = YES;
				CLANG_WARN_COMMA = YES;
				CLANG_WARN_CONSTANT_CONVERSION = YES;
				CLANG_WARN_DEPRECATED_OBJC_IMPLEMENTATIONS = YES;
				CLANG_WARN_DIRECT_OBJC_ISA_USAGE = YES_ERROR;
				CLANG_WARN_DOCUMENTATION_COMMENTS = YES;
				CLANG_WARN_EMPTY_BODY = YES;
				CLANG_WARN_ENUM_CONVERSION = YES;
				CLANG_WARN_INFINITE_RECURSION = YES;
				CLANG_WARN_INT_CONVERSION = YES;
				CLANG_WARN_NON_LITERAL_NULL_CONVERSION = YES;
				CLANG_WARN_OBJC_IMPLICIT_RETAIN_SELF = YES;
				CLANG_WARN_OBJC_LITERAL_CONVERSION = YES;
				CLANG_WARN_OBJC_ROOT_CLASS = YES_ERROR;
				CLANG_WARN_RANGE_LOOP_ANALYSIS = YES;
				CLANG_WARN_STRICT_PROTOTYPES = YES;
				CLANG_WARN_SUSPICIOUS_MOVE = YES;
				CLANG_WARN_UNGUARDED_AVAILABILITY = YES_AGGRESSIVE;
				CLANG_WARN_UNREACHABLE_CODE = YES;
				CLANG_WARN__DUPLICATE_METHOD_MATCH = YES;
				COPY_PHASE_STRIP = NO;
				DEBUG_INFORMATION_FORMAT = "dwarf-with-dsym";
				ENABLE_NS_ASSERTIONS = NO;
				ENABLE_STRICT_OBJC_MSGSEND = YES;
				GCC_C_LANGUAGE_STANDARD = gnu11;
				GCC_NO_COMMON_BLOCKS = YES;
				GCC_WARN_64_TO_32_BIT_CONVERSION = YES;
				GCC_WARN_ABOUT_RETURN_TYPE = YES_ERROR;
				GCC_WARN_UNDECLARED_SELECTOR = YES;
				GCC_WARN_UNINITIALIZED_AUTOS = YES_AGGRESSIVE;
				GCC_WARN_UNUSED_FUNCTION = YES;
				GCC_WARN_UNUSED_VARIABLE = YES;
				IPHONEOS_DEPLOYMENT_TARGET = 13.4;
				MTL_ENABLE_DEBUG_INFO = NO;
				MTL_FAST_MATH = YES;
				SDKROOT = iphoneos;
				SWIFT_COMPILATION_MODE = wholemodule;
				SWIFT_OPTIMIZATION_LEVEL = "-O";
				VALIDATE_PRODUCT = YES;
			};
			name = Release;
		};
		203210BA246BE592006C5F8D /* Debug */ = {
			isa = XCBuildConfiguration;
			baseConfigurationReference = A28B452BC2291D5054B9DDC4 /* Pods-News App.debug.xcconfig */;
			buildSettings = {
				ASSETCATALOG_COMPILER_APPICON_NAME = AppIcon;
				CODE_SIGN_STYLE = Automatic;
				DEVELOPMENT_TEAM = 7AXP552NXR;
				INFOPLIST_FILE = "News App/Info.plist";
				LD_RUNPATH_SEARCH_PATHS = (
					"$(inherited)",
					"@executable_path/Frameworks",
				);
				PRODUCT_BUNDLE_IDENTIFIER = "com.himanshu.News-App";
				PRODUCT_NAME = "$(TARGET_NAME)";
				SWIFT_VERSION = 5.0;
				TARGETED_DEVICE_FAMILY = "1,2";
			};
			name = Debug;
		};
		203210BB246BE592006C5F8D /* Release */ = {
			isa = XCBuildConfiguration;
			baseConfigurationReference = C34BCAD2084BFD09DDD3E4E0 /* Pods-News App.release.xcconfig */;
			buildSettings = {
				ASSETCATALOG_COMPILER_APPICON_NAME = AppIcon;
				CODE_SIGN_STYLE = Automatic;
				DEVELOPMENT_TEAM = 7AXP552NXR;
				INFOPLIST_FILE = "News App/Info.plist";
				LD_RUNPATH_SEARCH_PATHS = (
					"$(inherited)",
					"@executable_path/Frameworks",
				);
				PRODUCT_BUNDLE_IDENTIFIER = "com.himanshu.News-App";
				PRODUCT_NAME = "$(TARGET_NAME)";
				SWIFT_VERSION = 5.0;
				TARGETED_DEVICE_FAMILY = "1,2";
			};
			name = Release;
		};
/* End XCBuildConfiguration section */

/* Begin XCConfigurationList section */
		203210A0246BE591006C5F8D /* Build configuration list for PBXProject "News App" */ = {
			isa = XCConfigurationList;
			buildConfigurations = (
				203210B7246BE592006C5F8D /* Debug */,
				203210B8246BE592006C5F8D /* Release */,
			);
			defaultConfigurationIsVisible = 0;
			defaultConfigurationName = Release;
		};
		203210B9246BE592006C5F8D /* Build configuration list for PBXNativeTarget "News App" */ = {
			isa = XCConfigurationList;
			buildConfigurations = (
				203210BA246BE592006C5F8D /* Debug */,
				203210BB246BE592006C5F8D /* Release */,
			);
			defaultConfigurationIsVisible = 0;
			defaultConfigurationName = Release;
		};
/* End XCConfigurationList section */
	};
	rootObject = 2032109D246BE591006C5F8D /* Project object */;
}
